
Microsoft Visual Studio Solution File, Format Version 12.00
# Visual Studio Version 16
VisualStudioVersion = 16.0.29911.84
MinimumVisualStudioVersion = 10.0.40219.1
Project("{FAE04EC0-301F-11D3-BF4B-00C04F79EFBC}") = "SampleProcessor", "SampleProcessor\SampleProcessor.csproj", "{916D7754-33FE-4345-A6C4-88DFE48442B5}"
EndProject
Global
	GlobalSection(SolutionConfigurationPlatforms) = preSolution
		Debug|Any CPU = Debug|Any CPU
		Release|Any CPU = Release|Any CPU
	EndGlobalSection
	GlobalSection(ProjectConfigurationPlatforms) = postSolution
		{916D7754-33FE-4345-A6C4-88DFE48442B5}.Debug|Any CPU.ActiveCfg = Debug|Any CPU
		{916D7754-33FE-4345-A6C4-88DFE48442B5}.Debug|Any CPU.Build.0 = Debug|Any CPU
		{916D7754-33FE-4345-A6C4-88DFE48442B5}.Release|Any CPU.ActiveCfg = Release|Any CPU
		{916D7754-33FE-4345-A6C4-88DFE48442B5}.Release|Any CPU.Build.0 = Release|Any CPU
	EndGlobalSection
	GlobalSection(SolutionProperties) = preSolution
		HideSolutionNode = FALSE
	EndGlobalSection
	GlobalSection(ExtensibilityGlobals) = postSolution
		SolutionGuid = {15139F1E-9C68-4534-A17A-32828AEABAD3}
	EndGlobalSection
EndGlobal
